
Microsoft Visual Studio Solution File, Format Version 12.00
# Visual Studio Version 17
VisualStudioVersion = 17.3.32929.385
MinimumVisualStudioVersion = 10.0.40219.1
Project("{2150E333-8FDC-42A3-9474-1A3956D46DE8}") = "Core", "Core", "{B615BACB-10C7-45F5-982D-C120B7514C7E}"
EndProject
Project("{FAE04EC0-301F-11D3-BF4B-00C04F79EFBC}") = "Blockchain.Domain", "Core\Blockchain.Domain\Blockchain.Domain.csproj", "{B03EAC19-C72B-49DC-B0DE-6DDB0AE8BA70}"
EndProject
Project("{2150E333-8FDC-42A3-9474-1A3956D46DE8}") = "Infrastructure", "Infrastructure", "{2B162433-AF64-44F1-B9A3-FBB9DDBB3253}"
EndProject
Project("{2150E333-8FDC-42A3-9474-1A3956D46DE8}") = "Presentation", "Presentation", "{26A167BC-5258-4436-BE05-5816A78801EA}"
EndProject
Project("{2150E333-8FDC-42A3-9474-1A3956D46DE8}") = "Tests", "Tests", "{6B03A2AF-8037-46DF-B88A-F386C5C19DAE}"
EndProject
Project("{FAE04EC0-301F-11D3-BF4B-00C04F79EFBC}") = "Blockchain.Application", "Core\Blockchain.Application\Blockchain.Application.csproj", "{EF41547C-3204-47A8-9CB7-48319FF72E70}"
EndProject
Project("{FAE04EC0-301F-11D3-BF4B-00C04F79EFBC}") = "Blockchain.Persistance", "Infrastructure\Blockchain.Persistance\Blockchain.Persistance.csproj", "{80E70BA5-496A-4CB7-8E11-D168BFE469CC}"
EndProject
Project("{FAE04EC0-301F-11D3-BF4B-00C04F79EFBC}") = "Blockchain.WebApi", "Presentation\Blockchain.WebApi\Blockchain.WebApi.csproj", "{EFFAADD4-7D03-408A-AA00-ED02CB37F851}"
EndProject
Global
	GlobalSection(SolutionConfigurationPlatforms) = preSolution
		Debug|Any CPU = Debug|Any CPU
		Release|Any CPU = Release|Any CPU
	EndGlobalSection
	GlobalSection(ProjectConfigurationPlatforms) = postSolution
		{B03EAC19-C72B-49DC-B0DE-6DDB0AE8BA70}.Debug|Any CPU.ActiveCfg = Debug|Any CPU
		{B03EAC19-C72B-49DC-B0DE-6DDB0AE8BA70}.Debug|Any CPU.Build.0 = Debug|Any CPU
		{B03EAC19-C72B-49DC-B0DE-6DDB0AE8BA70}.Release|Any CPU.ActiveCfg = Release|Any CPU
		{B03EAC19-C72B-49DC-B0DE-6DDB0AE8BA70}.Release|Any CPU.Build.0 = Release|Any CPU
		{EF41547C-3204-47A8-9CB7-48319FF72E70}.Debug|Any CPU.ActiveCfg = Debug|Any CPU
		{EF41547C-3204-47A8-9CB7-48319FF72E70}.Debug|Any CPU.Build.0 = Debug|Any CPU
		{EF41547C-3204-47A8-9CB7-48319FF72E70}.Release|Any CPU.ActiveCfg = Release|Any CPU
		{EF41547C-3204-47A8-9CB7-48319FF72E70}.Release|Any CPU.Build.0 = Release|Any CPU
		{80E70BA5-496A-4CB7-8E11-D168BFE469CC}.Debug|Any CPU.ActiveCfg = Debug|Any CPU
		{80E70BA5-496A-4CB7-8E11-D168BFE469CC}.Debug|Any CPU.Build.0 = Debug|Any CPU
		{80E70BA5-496A-4CB7-8E11-D168BFE469CC}.Release|Any CPU.ActiveCfg = Release|Any CPU
		{80E70BA5-496A-4CB7-8E11-D168BFE469CC}.Release|Any CPU.Build.0 = Release|Any CPU
		{EFFAADD4-7D03-408A-AA00-ED02CB37F851}.Debug|Any CPU.ActiveCfg = Debug|Any CPU
		{EFFAADD4-7D03-408A-AA00-ED02CB37F851}.Debug|Any CPU.Build.0 = Debug|Any CPU
		{EFFAADD4-7D03-408A-AA00-ED02CB37F851}.Release|Any CPU.ActiveCfg = Release|Any CPU
		{EFFAADD4-7D03-408A-AA00-ED02CB37F851}.Release|Any CPU.Build.0 = Release|Any CPU
	EndGlobalSection
	GlobalSection(SolutionProperties) = preSolution
		HideSolutionNode = FALSE
	EndGlobalSection
	GlobalSection(NestedProjects) = preSolution
		{B03EAC19-C72B-49DC-B0DE-6DDB0AE8BA70} = {B615BACB-10C7-45F5-982D-C120B7514C7E}
		{EF41547C-3204-47A8-9CB7-48319FF72E70} = {B615BACB-10C7-45F5-982D-C120B7514C7E}
		{80E70BA5-496A-4CB7-8E11-D168BFE469CC} = {2B162433-AF64-44F1-B9A3-FBB9DDBB3253}
		{EFFAADD4-7D03-408A-AA00-ED02CB37F851} = {26A167BC-5258-4436-BE05-5816A78801EA}
	EndGlobalSection
	GlobalSection(ExtensibilityGlobals) = postSolution
		SolutionGuid = {999DAC43-36C0-4B60-B730-149BC5070FD2}
	EndGlobalSection
EndGlobal
